# THIS IS AN AUTOGENERATED FILE. DO NOT EDIT THIS FILE DIRECTLY.
# yarn lockfile v1


"@types/body-parser@^0.0.33":
  version "0.0.33"
  resolved "https://registry.yarnpkg.com/@types/body-parser/-/body-parser-0.0.33.tgz#33ca1498fc37e51c5df0c81cae34569e7041e025"
  dependencies:
    "@types/express" "*"

"@types/empower@*":
  version "1.2.30"
  resolved "https://registry.yarnpkg.com/@types/empower/-/empower-1.2.30.tgz#c7cfc14b3a61e54c74c674c1fbc91ba2df0d1392"

"@types/express-serve-static-core@*":
  version "4.0.40"
  resolved "https://registry.yarnpkg.com/@types/express-serve-static-core/-/express-serve-static-core-4.0.40.tgz#168e82978bffc81ee7737bc60728d64733a4f37b"
  dependencies:
    "@types/node" "*"

"@types/express@*", "@types/express@^4.0.35":
  version "4.0.35"
  resolved "https://registry.yarnpkg.com/@types/express/-/express-4.0.35.tgz#6267c7b60a51fac473467b3c4a02cd1e441805fe"
  dependencies:
    "@types/express-serve-static-core" "*"
    "@types/serve-static" "*"

"@types/mime@*":
  version "0.0.29"
  resolved "https://registry.yarnpkg.com/@types/mime/-/mime-0.0.29.tgz#fbcfd330573b912ef59eeee14602bface630754b"

"@types/mocha@^2.2.39":
  version "2.2.39"
  resolved "https://registry.yarnpkg.com/@types/mocha/-/mocha-2.2.39.tgz#f68d63db8b69c38e9558b4073525cf96c4f7a829"

"@types/node@*":
  version "7.0.5"
  resolved "https://registry.yarnpkg.com/@types/node/-/node-7.0.5.tgz#96a0f0a618b7b606f1ec547403c00650210bfbb7"

"@types/power-assert-formatter@*":
  version "1.4.28"
  resolved "https://registry.yarnpkg.com/@types/power-assert-formatter/-/power-assert-formatter-1.4.28.tgz#25b8fddb6322259c6b91c35338d39b0f8e524252"

"@types/power-assert@^1.4.29":
  version "1.4.29"
  resolved "https://registry.yarnpkg.com/@types/power-assert/-/power-assert-1.4.29.tgz#51f8366f62ad6a111f5e7fa94920c4923cffaeb6"
  dependencies:
    "@types/empower" "*"
    "@types/power-assert-formatter" "*"

"@types/serve-static@*":
  version "1.7.31"
  resolved "https://registry.yarnpkg.com/@types/serve-static/-/serve-static-1.7.31.tgz#15456de8d98d6b4cff31be6c6af7492ae63f521a"
  dependencies:
    "@types/express-serve-static-core" "*"
    "@types/mime" "*"

"@types/superagent@*":
  version "2.0.36"
  resolved "https://registry.yarnpkg.com/@types/superagent/-/superagent-2.0.36.tgz#e8eec10771d9dbc0f7ec47b8f9993476e4a501c1"
  dependencies:
    "@types/node" "*"

"@types/supertest@^2.0.0":
  version "2.0.0"
  resolved "https://registry.yarnpkg.com/@types/supertest/-/supertest-2.0.0.tgz#4687deaff4950b63e4611536d6fd44665ee11bb7"
  dependencies:
    "@types/superagent" "*"

"@types/uri-templates@^0.1.28":
  version "0.1.28"
  resolved "https://registry.yarnpkg.com/@types/uri-templates/-/uri-templates-0.1.28.tgz#fa6d4b14eceafdca1489bf69ff4e1a40da1d7b9d"

accepts@~1.3.3:
  version "1.3.3"
  resolved "https://registry.yarnpkg.com/accepts/-/accepts-1.3.3.tgz#c3ca7434938648c3e0d9c1e328dd68b622c284ca"
  dependencies:
    mime-types "~2.1.11"
    negotiator "0.6.1"

acorn-es7-plugin@^1.0.10, acorn-es7-plugin@^1.0.12:
  version "1.1.5"
  resolved "https://registry.yarnpkg.com/acorn-es7-plugin/-/acorn-es7-plugin-1.1.5.tgz#f31e1a618f439bfdde8851dd875a3a163ca8201f"

acorn@^4.0.0:
  version "4.0.11"
  resolved "https://registry.yarnpkg.com/acorn/-/acorn-4.0.11.tgz#edcda3bd937e7556410d42ed5860f67399c794c0"

amdefine@>=0.0.4:
  version "1.0.1"
  resolved "https://registry.yarnpkg.com/amdefine/-/amdefine-1.0.1.tgz#4a5282ac164729e93619bcfd3ad151f817ce91f5"

array-filter@^1.0.0:
  version "1.0.0"
  resolved "https://registry.yarnpkg.com/array-filter/-/array-filter-1.0.0.tgz#baf79e62e6ef4c2a4c0b831232daffec251f9d83"

array-find@^1.0.0:
  version "1.0.0"
  resolved "https://registry.yarnpkg.com/array-find/-/array-find-1.0.0.tgz#6c8e286d11ed768327f8e62ecee87353ca3e78b8"

array-flatten@1.1.1:
  version "1.1.1"
  resolved "https://registry.yarnpkg.com/array-flatten/-/array-flatten-1.1.1.tgz#9a5f699051b1e7073328f2a008968b64ea2955d2"

asynckit@^0.4.0:
  version "0.4.0"
  resolved "https://registry.yarnpkg.com/asynckit/-/asynckit-0.4.0.tgz#c79ed97f7f34cb8f2ba1bc9790bcc366474b4b79"

balanced-match@^0.4.1:
  version "0.4.2"
  resolved "https://registry.yarnpkg.com/balanced-match/-/balanced-match-0.4.2.tgz#cb3f3e3c732dc0f01ee70b403f302e61d7709838"

body-parser@^1.16.1:
  version "1.16.1"
  resolved "https://registry.yarnpkg.com/body-parser/-/body-parser-1.16.1.tgz#51540d045adfa7a0c6995a014bb6b1ed9b802329"
  dependencies:
    bytes "2.4.0"
    content-type "~1.0.2"
    debug "2.6.1"
    depd "~1.1.0"
    http-errors "~1.5.1"
    iconv-lite "0.4.15"
    on-finished "~2.3.0"
    qs "6.2.1"
    raw-body "~2.2.0"
    type-is "~1.6.14"

brace-expansion@^1.0.0:
  version "1.1.6"
  resolved "https://registry.yarnpkg.com/brace-expansion/-/brace-expansion-1.1.6.tgz#7197d7eaa9b87e648390ea61fc66c84427420df9"
  dependencies:
    balanced-match "^0.4.1"
    concat-map "0.0.1"

browser-stdout@1.3.0:
  version "1.3.0"
  resolved "https://registry.yarnpkg.com/browser-stdout/-/browser-stdout-1.3.0.tgz#f351d32969d32fa5d7a5567154263d928ae3bd1f"

buffer-shims@^1.0.0:
  version "1.0.0"
  resolved "https://registry.yarnpkg.com/buffer-shims/-/buffer-shims-1.0.0.tgz#9978ce317388c649ad8793028c3477ef044a8b51"

bytes@2.4.0:
  version "2.4.0"
  resolved "https://registry.yarnpkg.com/bytes/-/bytes-2.4.0.tgz#7d97196f9d5baf7f6935e25985549edd2a6c2339"

call-matcher@^1.0.0:
  version "1.0.1"
  resolved "https://registry.yarnpkg.com/call-matcher/-/call-matcher-1.0.1.tgz#5134d077984f712a54dad3cbf62de28dce416ca8"
  dependencies:
    core-js "^2.0.0"
    deep-equal "^1.0.0"
    espurify "^1.6.0"
    estraverse "^4.0.0"

call-signature@0.0.2:
  version "0.0.2"
  resolved "https://registry.yarnpkg.com/call-signature/-/call-signature-0.0.2.tgz#a84abc825a55ef4cb2b028bd74e205a65b9a4996"

combined-stream@^1.0.5:
  version "1.0.5"
  resolved "https://registry.yarnpkg.com/combined-stream/-/combined-stream-1.0.5.tgz#938370a57b4a51dea2c77c15d5c5fdf895164009"
  dependencies:
    delayed-stream "~1.0.0"

commander@2.9.0:
  version "2.9.0"
  resolved "https://registry.yarnpkg.com/commander/-/commander-2.9.0.tgz#9c99094176e12240cb22d6c5146098400fe0f7d4"
  dependencies:
    graceful-readlink ">= 1.0.0"

component-emitter@^1.2.0:
  version "1.2.1"
  resolved "https://registry.yarnpkg.com/component-emitter/-/component-emitter-1.2.1.tgz#137918d6d78283f7df7a6b7c5a63e140e69425e6"

concat-map@0.0.1:
  version "0.0.1"
  resolved "https://registry.yarnpkg.com/concat-map/-/concat-map-0.0.1.tgz#d8a96bd77fd68df7793a73036a3ba0d5405d477b"

content-disposition@0.5.2:
  version "0.5.2"
  resolved "https://registry.yarnpkg.com/content-disposition/-/content-disposition-0.5.2.tgz#0cf68bb9ddf5f2be7961c3a85178cb85dba78cb4"

content-type@~1.0.2:
  version "1.0.2"
  resolved "https://registry.yarnpkg.com/content-type/-/content-type-1.0.2.tgz#b7d113aee7a8dd27bd21133c4dc2529df1721eed"

convert-source-map@^1.1.1:
  version "1.4.0"
  resolved "https://registry.yarnpkg.com/convert-source-map/-/convert-source-map-1.4.0.tgz#e3dad195bf61bfe13a7a3c73e9876ec14a0268f3"

cookie-signature@1.0.6:
  version "1.0.6"
  resolved "https://registry.yarnpkg.com/cookie-signature/-/cookie-signature-1.0.6.tgz#e303a882b342cc3ee8ca513a79999734dab3ae2c"

cookie@0.3.1:
  version "0.3.1"
  resolved "https://registry.yarnpkg.com/cookie/-/cookie-0.3.1.tgz#e7e0a1f9ef43b4c8ba925c5c5a96e806d16873bb"

cookiejar@^2.0.6:
  version "2.1.0"
  resolved "https://registry.yarnpkg.com/cookiejar/-/cookiejar-2.1.0.tgz#86549689539b6d0e269b6637a304be508194d898"

core-js@^2.0.0:
  version "2.4.1"
  resolved "https://registry.yarnpkg.com/core-js/-/core-js-2.4.1.tgz#4de911e667b0eae9124e34254b53aea6fc618d3e"

core-util-is@~1.0.0:
  version "1.0.2"
  resolved "https://registry.yarnpkg.com/core-util-is/-/core-util-is-1.0.2.tgz#b5fd54220aa2bc5ab57aab7140c940754503c1a7"

d@^0.1.1, d@~0.1.1:
  version "0.1.1"
  resolved "https://registry.yarnpkg.com/d/-/d-0.1.1.tgz#da184c535d18d8ee7ba2aa229b914009fae11309"
  dependencies:
    es5-ext "~0.10.2"

debug@2.2.0, debug@~2.2.0:
  version "2.2.0"
  resolved "https://registry.yarnpkg.com/debug/-/debug-2.2.0.tgz#f87057e995b1a1f6ae6a4960664137bc56f039da"
  dependencies:
    ms "0.7.1"

debug@2.6.1, debug@^2.2.0:
  version "2.6.1"
  resolved "https://registry.yarnpkg.com/debug/-/debug-2.6.1.tgz#79855090ba2c4e3115cc7d8769491d58f0491351"
  dependencies:
    ms "0.7.2"

deep-equal@^1.0.0:
  version "1.0.1"
  resolved "https://registry.yarnpkg.com/deep-equal/-/deep-equal-1.0.1.tgz#f5d260292b660e084eff4cdbc9f08ad3247448b5"

deep-is@~0.1.3:
  version "0.1.3"
  resolved "https://registry.yarnpkg.com/deep-is/-/deep-is-0.1.3.tgz#b369d6fb5dbc13eecf524f91b070feedc357cf34"

define-properties@^1.1.2:
  version "1.1.2"
  resolved "https://registry.yarnpkg.com/define-properties/-/define-properties-1.1.2.tgz#83a73f2fea569898fb737193c8f873caf6d45c94"
  dependencies:
    foreach "^2.0.5"
    object-keys "^1.0.8"

delayed-stream@~1.0.0:
  version "1.0.0"
  resolved "https://registry.yarnpkg.com/delayed-stream/-/delayed-stream-1.0.0.tgz#df3ae199acadfb7d440aaae0b29e2272b24ec619"

depd@~1.1.0:
  version "1.1.0"
  resolved "https://registry.yarnpkg.com/depd/-/depd-1.1.0.tgz#e1bd82c6aab6ced965b97b88b17ed3e528ca18c3"

destroy@~1.0.4:
  version "1.0.4"
  resolved "https://registry.yarnpkg.com/destroy/-/destroy-1.0.4.tgz#978857442c44749e4206613e37946205826abd80"

diff-match-patch@^1.0.0:
  version "1.0.0"
  resolved "https://registry.yarnpkg.com/diff-match-patch/-/diff-match-patch-1.0.0.tgz#1cc3c83a490d67f95d91e39f6ad1f2e086b63048"

diff@1.4.0:
  version "1.4.0"
  resolved "https://registry.yarnpkg.com/diff/-/diff-1.4.0.tgz#7f28d2eb9ee7b15a97efd89ce63dcfdaa3ccbabf"

eastasianwidth@^0.1.1:
  version "0.1.1"
  resolved "https://registry.yarnpkg.com/eastasianwidth/-/eastasianwidth-0.1.1.tgz#44d656de9da415694467335365fb3147b8572b7c"

ee-first@1.1.1:
  version "1.1.1"
  resolved "https://registry.yarnpkg.com/ee-first/-/ee-first-1.1.1.tgz#590c61156b0ae2f4f0255732a158b266bc56b21d"

empower-assert@^1.0.0:
  version "1.0.1"
  resolved "https://registry.yarnpkg.com/empower-assert/-/empower-assert-1.0.1.tgz#31e310abc065baa7c3a0487e6be5bbcc65f3c1de"
  dependencies:
    estraverse "^4.2.0"

empower-core@^0.6.1:
  version "0.6.1"
  resolved "https://registry.yarnpkg.com/empower-core/-/empower-core-0.6.1.tgz#6c187f502fcef7554d57933396aac655483772b1"
  dependencies:
    call-signature "0.0.2"
    core-js "^2.0.0"

empower@^1.1.0:
  version "1.2.1"
  resolved "https://registry.yarnpkg.com/empower/-/empower-1.2.1.tgz#b63302741b6d503a241bff115befc948c8362c60"
  dependencies:
    core-js "^2.0.0"
    empower-core "^0.6.1"

encodeurl@~1.0.1:
  version "1.0.1"
  resolved "https://registry.yarnpkg.com/encodeurl/-/encodeurl-1.0.1.tgz#79e3d58655346909fe6f0f45a5de68103b294d20"

es5-ext@^0.10.7, es5-ext@^0.10.8, es5-ext@~0.10.11, es5-ext@~0.10.2, es5-ext@~0.10.7:
  version "0.10.12"
  resolved "https://registry.yarnpkg.com/es5-ext/-/es5-ext-0.10.12.tgz#aa84641d4db76b62abba5e45fd805ecbab140047"
  dependencies:
    es6-iterator "2"
    es6-symbol "~3.1"

es6-iterator@2:
  version "2.0.0"
  resolved "https://registry.yarnpkg.com/es6-iterator/-/es6-iterator-2.0.0.tgz#bd968567d61635e33c0b80727613c9cb4b096bac"
  dependencies:
    d "^0.1.1"
    es5-ext "^0.10.7"
    es6-symbol "3"

es6-map@^0.1.3:
  version "0.1.4"
  resolved "https://registry.yarnpkg.com/es6-map/-/es6-map-0.1.4.tgz#a34b147be224773a4d7da8072794cefa3632b897"
  dependencies:
    d "~0.1.1"
    es5-ext "~0.10.11"
    es6-iterator "2"
    es6-set "~0.1.3"
    es6-symbol "~3.1.0"
    event-emitter "~0.3.4"

es6-set@~0.1.3:
  version "0.1.4"
  resolved "https://registry.yarnpkg.com/es6-set/-/es6-set-0.1.4.tgz#9516b6761c2964b92ff479456233a247dc707ce8"
  dependencies:
    d "~0.1.1"
    es5-ext "~0.10.11"
    es6-iterator "2"
    es6-symbol "3"
    event-emitter "~0.3.4"

es6-symbol@3, es6-symbol@~3.1, es6-symbol@~3.1.0:
  version "3.1.0"
  resolved "https://registry.yarnpkg.com/es6-symbol/-/es6-symbol-3.1.0.tgz#94481c655e7a7cad82eba832d97d5433496d7ffa"
  dependencies:
    d "~0.1.1"
    es5-ext "~0.10.11"

es6-weak-map@^2.0.1:
  version "2.0.1"
  resolved "https://registry.yarnpkg.com/es6-weak-map/-/es6-weak-map-2.0.1.tgz#0d2bbd8827eb5fb4ba8f97fbfea50d43db21ea81"
  dependencies:
    d "^0.1.1"
    es5-ext "^0.10.8"
    es6-iterator "2"
    es6-symbol "3"

escallmatch@^1.5.0:
  version "1.5.0"
  resolved "https://registry.yarnpkg.com/escallmatch/-/escallmatch-1.5.0.tgz#50099d86e8091b092df8ddfbc3f9a6fb05a024d0"
  dependencies:
    call-matcher "^1.0.0"
    esprima "^2.0.0"

escape-html@~1.0.3:
  version "1.0.3"
  resolved "https://registry.yarnpkg.com/escape-html/-/escape-html-1.0.3.tgz#0258eae4d3d0c0974de1c169188ef0051d1d1988"

escape-string-regexp@1.0.5:
  version "1.0.5"
  resolved "https://registry.yarnpkg.com/escape-string-regexp/-/escape-string-regexp-1.0.5.tgz#1b61c0562190a8dff6ae3bb2cf0200ca130b86d4"

escodegen@^1.6.1, escodegen@^1.7.0:
  version "1.8.1"
  resolved "https://registry.yarnpkg.com/escodegen/-/escodegen-1.8.1.tgz#5a5b53af4693110bebb0867aa3430dd3b70a1018"
  dependencies:
    esprima "^2.7.1"
    estraverse "^1.9.1"
    esutils "^2.0.2"
    optionator "^0.8.1"
  optionalDependencies:
    source-map "~0.2.0"

escope@^3.3.0:
  version "3.6.0"
  resolved "https://registry.yarnpkg.com/escope/-/escope-3.6.0.tgz#e01975e812781a163a6dadfdd80398dc64c889c3"
  dependencies:
    es6-map "^0.1.3"
    es6-weak-map "^2.0.1"
    esrecurse "^4.1.0"
    estraverse "^4.1.1"

espower-location-detector@^1.0.0:
  version "1.0.0"
  resolved "https://registry.yarnpkg.com/espower-location-detector/-/espower-location-detector-1.0.0.tgz#a17b7ecc59d30e179e2bef73fb4137704cb331b5"
  dependencies:
    is-url "^1.2.1"
    path-is-absolute "^1.0.0"
    source-map "^0.5.0"
    xtend "^4.0.0"

espower-source@^2.0.0:
  version "2.0.1"
  resolved "https://registry.yarnpkg.com/espower-source/-/espower-source-2.0.1.tgz#ac6e08dd561e495466cfe70ca6c521a313b6be72"
  dependencies:
    acorn "^4.0.0"
    acorn-es7-plugin "^1.0.10"
    convert-source-map "^1.1.1"
    empower-assert "^1.0.0"
    escodegen "^1.6.1"
    espower "^2.0.0"
    estraverse "^4.0.0"
    merge-estraverse-visitors "^1.0.0"
    multi-stage-sourcemap "^0.2.1"
    path-is-absolute "^1.0.0"
    xtend "^4.0.0"

espower-typescript@^7.0.0:
  version "7.0.0"
  resolved "https://registry.yarnpkg.com/espower-typescript/-/espower-typescript-7.0.0.tgz#fbb168579286a36ef4311ba74122f201e12443f4"
  dependencies:
    espower-source "^2.0.0"
    minimatch "^3.0.3"
    typescript "^2.1.4"
    typescript-simple "^7.0.0"

espower@^2.0.0:
  version "2.0.2"
  resolved "https://registry.yarnpkg.com/espower/-/espower-2.0.2.tgz#6b40c39aa2797537e1263cb6963648ce6d9af49b"
  dependencies:
    array-find "^1.0.0"
    escallmatch "^1.5.0"
    escodegen "^1.7.0"
    escope "^3.3.0"
    espower-location-detector "^1.0.0"
    espurify "^1.3.0"
    estraverse "^4.1.0"
    source-map "^0.5.0"
    type-name "^2.0.0"
    xtend "^4.0.0"

esprima@^2.0.0, esprima@^2.7.1:
  version "2.7.3"
  resolved "https://registry.yarnpkg.com/esprima/-/esprima-2.7.3.tgz#96e3b70d5779f6ad49cd032673d1c312767ba581"

espurify@^1.3.0, espurify@^1.6.0:
  version "1.6.1"
  resolved "https://registry.yarnpkg.com/espurify/-/espurify-1.6.1.tgz#a618c3b320071a4e9e7136c5d78717cdd07020da"
  dependencies:
    core-js "^2.0.0"

esrecurse@^4.1.0:
  version "4.1.0"
  resolved "https://registry.yarnpkg.com/esrecurse/-/esrecurse-4.1.0.tgz#4713b6536adf7f2ac4f327d559e7756bff648220"
  dependencies:
    estraverse "~4.1.0"
    object-assign "^4.0.1"

estraverse@^1.9.1:
  version "1.9.3"
  resolved "https://registry.yarnpkg.com/estraverse/-/estraverse-1.9.3.tgz#af67f2dc922582415950926091a4005d29c9bb44"

estraverse@^4.0.0, estraverse@^4.1.0, estraverse@^4.1.1, estraverse@^4.2.0:
  version "4.2.0"
  resolved "https://registry.yarnpkg.com/estraverse/-/estraverse-4.2.0.tgz#0dee3fed31fcd469618ce7342099fc1afa0bdb13"

estraverse@~4.1.0:
  version "4.1.1"
  resolved "https://registry.yarnpkg.com/estraverse/-/estraverse-4.1.1.tgz#f6caca728933a850ef90661d0e17982ba47111a2"

esutils@^2.0.2:
  version "2.0.2"
  resolved "https://registry.yarnpkg.com/esutils/-/esutils-2.0.2.tgz#0abf4f1caa5bcb1f7a9d8acc6dea4faaa04bac9b"

etag@~1.7.0:
  version "1.7.0"
  resolved "https://registry.yarnpkg.com/etag/-/etag-1.7.0.tgz#03d30b5f67dd6e632d2945d30d6652731a34d5d8"

event-emitter@~0.3.4:
  version "0.3.4"
  resolved "https://registry.yarnpkg.com/event-emitter/-/event-emitter-0.3.4.tgz#8d63ddfb4cfe1fae3b32ca265c4c720222080bb5"
  dependencies:
    d "~0.1.1"
    es5-ext "~0.10.7"

exec-sh@^0.2.0:
  version "0.2.0"
  resolved "https://registry.yarnpkg.com/exec-sh/-/exec-sh-0.2.0.tgz#14f75de3f20d286ef933099b2ce50a90359cef10"
  dependencies:
    merge "^1.1.3"

express@^4.14.1:
  version "4.14.1"
  resolved "https://registry.yarnpkg.com/express/-/express-4.14.1.tgz#646c237f766f148c2120aff073817b9e4d7e0d33"
  dependencies:
    accepts "~1.3.3"
    array-flatten "1.1.1"
    content-disposition "0.5.2"
    content-type "~1.0.2"
    cookie "0.3.1"
    cookie-signature "1.0.6"
    debug "~2.2.0"
    depd "~1.1.0"
    encodeurl "~1.0.1"
    escape-html "~1.0.3"
    etag "~1.7.0"
    finalhandler "0.5.1"
    fresh "0.3.0"
    merge-descriptors "1.0.1"
    methods "~1.1.2"
    on-finished "~2.3.0"
    parseurl "~1.3.1"
    path-to-regexp "0.1.7"
    proxy-addr "~1.1.3"
    qs "6.2.0"
    range-parser "~1.2.0"
    send "0.14.2"
    serve-static "~1.11.2"
    type-is "~1.6.14"
    utils-merge "1.0.0"
    vary "~1.1.0"

extend@^3.0.0:
  version "3.0.0"
  resolved "https://registry.yarnpkg.com/extend/-/extend-3.0.0.tgz#5a474353b9f3353ddd8176dfd37b91c83a46f1d4"

fast-levenshtein@~2.0.4:
  version "2.0.6"
  resolved "https://registry.yarnpkg.com/fast-levenshtein/-/fast-levenshtein-2.0.6.tgz#3d8a5c66883a16a30ca8643e851f19baa7797917"

finalhandler@0.5.1:
  version "0.5.1"
  resolved "https://registry.yarnpkg.com/finalhandler/-/finalhandler-0.5.1.tgz#2c400d8d4530935bc232549c5fa385ec07de6fcd"
  dependencies:
    debug "~2.2.0"
    escape-html "~1.0.3"
    on-finished "~2.3.0"
    statuses "~1.3.1"
    unpipe "~1.0.0"

foreach@^2.0.5:
  version "2.0.5"
  resolved "https://registry.yarnpkg.com/foreach/-/foreach-2.0.5.tgz#0bee005018aeb260d0a3af3ae658dd0136ec1b99"

form-data@^2.1.1:
  version "2.1.2"
  resolved "https://registry.yarnpkg.com/form-data/-/form-data-2.1.2.tgz#89c3534008b97eada4cbb157d58f6f5df025eae4"
  dependencies:
    asynckit "^0.4.0"
    combined-stream "^1.0.5"
    mime-types "^2.1.12"

formidable@^1.1.1:
  version "1.1.1"
  resolved "https://registry.yarnpkg.com/formidable/-/formidable-1.1.1.tgz#96b8886f7c3c3508b932d6bd70c4d3a88f35f1a9"

forwarded@~0.1.0:
  version "0.1.0"
  resolved "https://registry.yarnpkg.com/forwarded/-/forwarded-0.1.0.tgz#19ef9874c4ae1c297bcf078fde63a09b66a84363"

fresh@0.3.0:
  version "0.3.0"
  resolved "https://registry.yarnpkg.com/fresh/-/fresh-0.3.0.tgz#651f838e22424e7566de161d8358caa199f83d4f"

fs.realpath@^1.0.0:
  version "1.0.0"
  resolved "https://registry.yarnpkg.com/fs.realpath/-/fs.realpath-1.0.0.tgz#1504ad2523158caa40db4a2787cb01411994ea4f"

glob@7.0.5:
  version "7.0.5"
  resolved "https://registry.yarnpkg.com/glob/-/glob-7.0.5.tgz#b4202a69099bbb4d292a7c1b95b6682b67ebdc95"
  dependencies:
    fs.realpath "^1.0.0"
    inflight "^1.0.4"
    inherits "2"
    minimatch "^3.0.2"
    once "^1.3.0"
    path-is-absolute "^1.0.0"

"graceful-readlink@>= 1.0.0":
  version "1.0.1"
  resolved "https://registry.yarnpkg.com/graceful-readlink/-/graceful-readlink-1.0.1.tgz#4cafad76bc62f02fa039b2f94e9a3dd3a391a725"

growl@1.9.2:
  version "1.9.2"
  resolved "https://registry.yarnpkg.com/growl/-/growl-1.9.2.tgz#0ea7743715db8d8de2c5ede1775e1b45ac85c02f"

has-flag@^1.0.0:
  version "1.0.0"
  resolved "https://registry.yarnpkg.com/has-flag/-/has-flag-1.0.0.tgz#9d9e793165ce017a00f00418c43f942a7b1d11fa"

http-errors@~1.5.1:
  version "1.5.1"
  resolved "https://registry.yarnpkg.com/http-errors/-/http-errors-1.5.1.tgz#788c0d2c1de2c81b9e6e8c01843b6b97eb920750"
  dependencies:
    inherits "2.0.3"
    setprototypeof "1.0.2"
    statuses ">= 1.3.1 < 2"

iconv-lite@0.4.15:
  version "0.4.15"
  resolved "https://registry.yarnpkg.com/iconv-lite/-/iconv-lite-0.4.15.tgz#fe265a218ac6a57cfe854927e9d04c19825eddeb"

indexof@0.0.1:
  version "0.0.1"
  resolved "https://registry.yarnpkg.com/indexof/-/indexof-0.0.1.tgz#82dc336d232b9062179d05ab3293a66059fd435d"

inflight@^1.0.4:
  version "1.0.6"
  resolved "https://registry.yarnpkg.com/inflight/-/inflight-1.0.6.tgz#49bd6331d7d02d0c09bc910a1075ba8165b56df9"
  dependencies:
    once "^1.3.0"
    wrappy "1"

inherits@2, inherits@2.0.3, inherits@~2.0.1:
  version "2.0.3"
  resolved "https://registry.yarnpkg.com/inherits/-/inherits-2.0.3.tgz#633c2c83e3da42a502f52466022480f4208261de"

ipaddr.js@1.2.0:
  version "1.2.0"
  resolved "https://registry.yarnpkg.com/ipaddr.js/-/ipaddr.js-1.2.0.tgz#8aba49c9192799585bdd643e0ccb50e8ae777ba4"

is-url@^1.2.1:
  version "1.2.2"
  resolved "https://registry.yarnpkg.com/is-url/-/is-url-1.2.2.tgz#498905a593bf47cc2d9e7f738372bbf7696c7f26"

isarray@~1.0.0:
  version "1.0.0"
  resolved "https://registry.yarnpkg.com/isarray/-/isarray-1.0.0.tgz#bb935d48582cba168c06834957a54a3e07124f11"

json3@3.3.2:
  version "3.3.2"
  resolved "https://registry.yarnpkg.com/json3/-/json3-3.3.2.tgz#3c0434743df93e2f5c42aee7b19bcb483575f4e1"

levn@~0.3.0:
  version "0.3.0"
  resolved "https://registry.yarnpkg.com/levn/-/levn-0.3.0.tgz#3b09924edf9f083c0490fdd4c0bc4421e04764ee"
  dependencies:
    prelude-ls "~1.1.2"
    type-check "~0.3.2"

lodash._baseassign@^3.0.0:
  version "3.2.0"
  resolved "https://registry.yarnpkg.com/lodash._baseassign/-/lodash._baseassign-3.2.0.tgz#8c38a099500f215ad09e59f1722fd0c52bfe0a4e"
  dependencies:
    lodash._basecopy "^3.0.0"
    lodash.keys "^3.0.0"

lodash._basecopy@^3.0.0:
  version "3.0.1"
  resolved "https://registry.yarnpkg.com/lodash._basecopy/-/lodash._basecopy-3.0.1.tgz#8da0e6a876cf344c0ad8a54882111dd3c5c7ca36"

lodash._basecreate@^3.0.0:
  version "3.0.3"
  resolved "https://registry.yarnpkg.com/lodash._basecreate/-/lodash._basecreate-3.0.3.tgz#1bc661614daa7fc311b7d03bf16806a0213cf821"

lodash._getnative@^3.0.0:
  version "3.9.1"
  resolved "https://registry.yarnpkg.com/lodash._getnative/-/lodash._getnative-3.9.1.tgz#570bc7dede46d61cdcde687d65d3eecbaa3aaff5"

lodash._isiterateecall@^3.0.0:
  version "3.0.9"
  resolved "https://registry.yarnpkg.com/lodash._isiterateecall/-/lodash._isiterateecall-3.0.9.tgz#5203ad7ba425fae842460e696db9cf3e6aac057c"

lodash.create@3.1.1:
  version "3.1.1"
  resolved "https://registry.yarnpkg.com/lodash.create/-/lodash.create-3.1.1.tgz#d7f2849f0dbda7e04682bb8cd72ab022461debe7"
  dependencies:
    lodash._baseassign "^3.0.0"
    lodash._basecreate "^3.0.0"
    lodash._isiterateecall "^3.0.0"

lodash.isarguments@^3.0.0:
  version "3.1.0"
  resolved "https://registry.yarnpkg.com/lodash.isarguments/-/lodash.isarguments-3.1.0.tgz#2f573d85c6a24289ff00663b491c1d338ff3458a"

lodash.isarray@^3.0.0:
  version "3.0.4"
  resolved "https://registry.yarnpkg.com/lodash.isarray/-/lodash.isarray-3.0.4.tgz#79e4eb88c36a8122af86f844aa9bcd851b5fbb55"

lodash.keys@^3.0.0:
  version "3.1.2"
  resolved "https://registry.yarnpkg.com/lodash.keys/-/lodash.keys-3.1.2.tgz#4dbc0472b156be50a0b286855d1bd0b0c656098a"
  dependencies:
    lodash._getnative "^3.0.0"
    lodash.isarguments "^3.0.0"
    lodash.isarray "^3.0.0"

media-typer@0.3.0:
  version "0.3.0"
  resolved "https://registry.yarnpkg.com/media-typer/-/media-typer-0.3.0.tgz#8710d7af0aa626f8fffa1ce00168545263255748"

merge-descriptors@1.0.1:
  version "1.0.1"
  resolved "https://registry.yarnpkg.com/merge-descriptors/-/merge-descriptors-1.0.1.tgz#b00aaa556dd8b44568150ec9d1b953f3f90cbb61"

merge-estraverse-visitors@^1.0.0:
  version "1.0.0"
  resolved "https://registry.yarnpkg.com/merge-estraverse-visitors/-/merge-estraverse-visitors-1.0.0.tgz#eb968338b5ded5ceed82cec0307decba2d8ea994"
  dependencies:
    estraverse "^4.0.0"

merge@^1.1.3:
  version "1.2.0"
  resolved "https://registry.yarnpkg.com/merge/-/merge-1.2.0.tgz#7531e39d4949c281a66b8c5a6e0265e8b05894da"

methods@^1.1.1, methods@~1.1.2:
  version "1.1.2"
  resolved "https://registry.yarnpkg.com/methods/-/methods-1.1.2.tgz#5529a4d67654134edcc5266656835b0f851afcee"

mime-db@~1.26.0:
  version "1.26.0"
  resolved "https://registry.yarnpkg.com/mime-db/-/mime-db-1.26.0.tgz#eaffcd0e4fc6935cf8134da246e2e6c35305adff"

mime-types@^2.1.12, mime-types@~2.1.11, mime-types@~2.1.13:
  version "2.1.14"
  resolved "https://registry.yarnpkg.com/mime-types/-/mime-types-2.1.14.tgz#f7ef7d97583fcaf3b7d282b6f8b5679dab1e94ee"
  dependencies:
    mime-db "~1.26.0"

mime@1.3.4, mime@^1.3.4:
  version "1.3.4"
  resolved "https://registry.yarnpkg.com/mime/-/mime-1.3.4.tgz#115f9e3b6b3daf2959983cb38f149a2d40eb5d53"

minimatch@^3.0.2, minimatch@^3.0.3:
  version "3.0.3"
  resolved "https://registry.yarnpkg.com/minimatch/-/minimatch-3.0.3.tgz#2a4e4090b96b2db06a9d7df01055a62a77c9b774"
  dependencies:
    brace-expansion "^1.0.0"

minimist@0.0.8:
  version "0.0.8"
  resolved "https://registry.yarnpkg.com/minimist/-/minimist-0.0.8.tgz#857fcabfc3397d2625b8228262e86aa7a011b05d"

minimist@^1.2.0:
  version "1.2.0"
  resolved "https://registry.yarnpkg.com/minimist/-/minimist-1.2.0.tgz#a35008b20f41383eec1fb914f4cd5df79a264284"

mkdirp@0.5.1:
  version "0.5.1"
  resolved "https://registry.yarnpkg.com/mkdirp/-/mkdirp-0.5.1.tgz#30057438eac6cf7f8c4767f38648d6697d75c903"
  dependencies:
    minimist "0.0.8"

mocha@^3.2.0:
  version "3.2.0"
  resolved "https://registry.yarnpkg.com/mocha/-/mocha-3.2.0.tgz#7dc4f45e5088075171a68896814e6ae9eb7a85e3"
  dependencies:
    browser-stdout "1.3.0"
    commander "2.9.0"
    debug "2.2.0"
    diff "1.4.0"
    escape-string-regexp "1.0.5"
    glob "7.0.5"
    growl "1.9.2"
    json3 "3.3.2"
    lodash.create "3.1.1"
    mkdirp "0.5.1"
    supports-color "3.1.2"

ms@0.7.1:
  version "0.7.1"
  resolved "https://registry.yarnpkg.com/ms/-/ms-0.7.1.tgz#9cd13c03adbff25b65effde7ce864ee952017098"

ms@0.7.2:
  version "0.7.2"
  resolved "https://registry.yarnpkg.com/ms/-/ms-0.7.2.tgz#ae25cf2512b3885a1d95d7f037868d8431124765"

multi-stage-sourcemap@^0.2.1:
  version "0.2.1"
  resolved "https://registry.yarnpkg.com/multi-stage-sourcemap/-/multi-stage-sourcemap-0.2.1.tgz#b09fc8586eaa17f81d575c4ad02e0f7a3f6b1105"
  dependencies:
    source-map "^0.1.34"

negotiator@0.6.1:
  version "0.6.1"
  resolved "https://registry.yarnpkg.com/negotiator/-/negotiator-0.6.1.tgz#2b327184e8992101177b28563fb5e7102acd0ca9"

object-assign@^4.0.1:
  version "4.1.1"
  resolved "https://registry.yarnpkg.com/object-assign/-/object-assign-4.1.1.tgz#2109adc7965887cfc05cbbd442cac8bfbb360863"

object-keys@^1.0.0, object-keys@^1.0.8:
  version "1.0.11"
  resolved "https://registry.yarnpkg.com/object-keys/-/object-keys-1.0.11.tgz#c54601778ad560f1142ce0e01bcca8b56d13426d"

on-finished@~2.3.0:
  version "2.3.0"
  resolved "https://registry.yarnpkg.com/on-finished/-/on-finished-2.3.0.tgz#20f1336481b083cd75337992a16971aa2d906947"
  dependencies:
    ee-first "1.1.1"

once@^1.3.0:
  version "1.4.0"
  resolved "https://registry.yarnpkg.com/once/-/once-1.4.0.tgz#583b1aa775961d4b113ac17d9c50baef9dd76bd1"
  dependencies:
    wrappy "1"

optionator@^0.8.1:
  version "0.8.2"
  resolved "https://registry.yarnpkg.com/optionator/-/optionator-0.8.2.tgz#364c5e409d3f4d6301d6c0b4c05bba50180aeb64"
  dependencies:
    deep-is "~0.1.3"
    fast-levenshtein "~2.0.4"
    levn "~0.3.0"
    prelude-ls "~1.1.2"
    type-check "~0.3.2"
    wordwrap "~1.0.0"

parseurl@~1.3.1:
  version "1.3.1"
  resolved "https://registry.yarnpkg.com/parseurl/-/parseurl-1.3.1.tgz#c8ab8c9223ba34888aa64a297b28853bec18da56"

path-is-absolute@^1.0.0:
  version "1.0.1"
  resolved "https://registry.yarnpkg.com/path-is-absolute/-/path-is-absolute-1.0.1.tgz#174b9268735534ffbc7ace6bf53a5a9e1b5c5f5f"

path-to-regexp@0.1.7:
  version "0.1.7"
  resolved "https://registry.yarnpkg.com/path-to-regexp/-/path-to-regexp-0.1.7.tgz#df604178005f522f15eb4490e7247a1bfaa67f8c"

power-assert-context-formatter@^1.0.7:
  version "1.1.1"
  resolved "https://registry.yarnpkg.com/power-assert-context-formatter/-/power-assert-context-formatter-1.1.1.tgz#edba352d3ed8a603114d667265acce60d689ccdf"
  dependencies:
    core-js "^2.0.0"
    power-assert-context-traversal "^1.1.1"

power-assert-context-reducer-ast@^1.0.7:
  version "1.1.1"
  resolved "https://registry.yarnpkg.com/power-assert-context-reducer-ast/-/power-assert-context-reducer-ast-1.1.1.tgz#bb419c65ea88c9a4dfc34a9dbcf82e971f6f69bc"
  dependencies:
    acorn "^4.0.0"
    acorn-es7-plugin "^1.0.12"
    core-js "^2.0.0"
    espurify "^1.6.0"
    estraverse "^4.2.0"

power-assert-context-traversal@^1.1.1:
  version "1.1.1"
  resolved "https://registry.yarnpkg.com/power-assert-context-traversal/-/power-assert-context-traversal-1.1.1.tgz#88cabca0d13b6359f07d3d3e8afa699264577ed9"
  dependencies:
    core-js "^2.0.0"
    estraverse "^4.1.0"

power-assert-formatter@^1.3.1:
  version "1.4.1"
  resolved "https://registry.yarnpkg.com/power-assert-formatter/-/power-assert-formatter-1.4.1.tgz#5dc125ed50a3dfb1dda26c19347f3bf58ec2884a"
  dependencies:
    core-js "^2.0.0"
    power-assert-context-formatter "^1.0.7"
    power-assert-context-reducer-ast "^1.0.7"
    power-assert-renderer-assertion "^1.0.7"
    power-assert-renderer-comparison "^1.0.7"
    power-assert-renderer-diagram "^1.0.7"
    power-assert-renderer-file "^1.0.7"

power-assert-renderer-assertion@^1.0.7:
  version "1.1.1"
  resolved "https://registry.yarnpkg.com/power-assert-renderer-assertion/-/power-assert-renderer-assertion-1.1.1.tgz#cbfc0e77e0086a8f96af3f1d8e67b9ee7e28ce98"
  dependencies:
    power-assert-renderer-base "^1.1.1"
    power-assert-util-string-width "^1.1.1"

power-assert-renderer-base@^1.1.1:
  version "1.1.1"
  resolved "https://registry.yarnpkg.com/power-assert-renderer-base/-/power-assert-renderer-base-1.1.1.tgz#96a650c6fd05ee1bc1f66b54ad61442c8b3f63eb"

power-assert-renderer-comparison@^1.0.7:
  version "1.1.1"
  resolved "https://registry.yarnpkg.com/power-assert-renderer-comparison/-/power-assert-renderer-comparison-1.1.1.tgz#d7439d97d85156be4e30a00f2fb5a72514ce3c08"
  dependencies:
    core-js "^2.0.0"
    diff-match-patch "^1.0.0"
    power-assert-renderer-base "^1.1.1"
    stringifier "^1.3.0"
    type-name "^2.0.1"

power-assert-renderer-diagram@^1.0.7:
  version "1.1.1"
  resolved "https://registry.yarnpkg.com/power-assert-renderer-diagram/-/power-assert-renderer-diagram-1.1.1.tgz#7e0c82cc08a84b155e51b5ae94f59709778a65fb"
  dependencies:
    core-js "^2.0.0"
    power-assert-renderer-base "^1.1.1"
    power-assert-util-string-width "^1.1.1"
    stringifier "^1.3.0"

power-assert-renderer-file@^1.0.7:
  version "1.1.1"
  resolved "https://registry.yarnpkg.com/power-assert-renderer-file/-/power-assert-renderer-file-1.1.1.tgz#a37e2bbd178ccacd04e78dbb79c92fe34933c5e7"
  dependencies:
    power-assert-renderer-base "^1.1.1"

power-assert-util-string-width@^1.1.1:
  version "1.1.1"
  resolved "https://registry.yarnpkg.com/power-assert-util-string-width/-/power-assert-util-string-width-1.1.1.tgz#be659eb7937fdd2e6c9a77268daaf64bd5b7c592"
  dependencies:
    eastasianwidth "^0.1.1"

power-assert@^1.4.2:
  version "1.4.2"
  resolved "https://registry.yarnpkg.com/power-assert/-/power-assert-1.4.2.tgz#43319cd0fecd3221f276f1cc49ffa2eaeb9a1815"
  dependencies:
    define-properties "^1.1.2"
    empower "^1.1.0"
    power-assert-formatter "^1.3.1"
    universal-deep-strict-equal "^1.2.1"
    xtend "^4.0.0"

prelude-ls@~1.1.2:
  version "1.1.2"
  resolved "https://registry.yarnpkg.com/prelude-ls/-/prelude-ls-1.1.2.tgz#21932a549f5e52ffd9a827f570e04be62a97da54"

process-nextick-args@~1.0.6:
  version "1.0.7"
  resolved "https://registry.yarnpkg.com/process-nextick-args/-/process-nextick-args-1.0.7.tgz#150e20b756590ad3f91093f25a4f2ad8bff30ba3"

proxy-addr@~1.1.3:
  version "1.1.3"
  resolved "https://registry.yarnpkg.com/proxy-addr/-/proxy-addr-1.1.3.tgz#dc97502f5722e888467b3fa2297a7b1ff47df074"
  dependencies:
    forwarded "~0.1.0"
    ipaddr.js "1.2.0"

qs@6.2.0:
  version "6.2.0"
  resolved "https://registry.yarnpkg.com/qs/-/qs-6.2.0.tgz#3b7848c03c2dece69a9522b0fae8c4126d745f3b"

qs@6.2.1, qs@^6.1.0:
  version "6.2.1"
  resolved "https://registry.yarnpkg.com/qs/-/qs-6.2.1.tgz#ce03c5ff0935bc1d9d69a9f14cbd18e568d67625"

range-parser@~1.2.0:
  version "1.2.0"
  resolved "https://registry.yarnpkg.com/range-parser/-/range-parser-1.2.0.tgz#f49be6b487894ddc40dcc94a322f611092e00d5e"

raw-body@~2.2.0:
  version "2.2.0"
  resolved "https://registry.yarnpkg.com/raw-body/-/raw-body-2.2.0.tgz#994976cf6a5096a41162840492f0bdc5d6e7fb96"
  dependencies:
    bytes "2.4.0"
    iconv-lite "0.4.15"
    unpipe "1.0.0"

readable-stream@^2.0.5:
  version "2.2.2"
  resolved "https://registry.yarnpkg.com/readable-stream/-/readable-stream-2.2.2.tgz#a9e6fec3c7dda85f8bb1b3ba7028604556fc825e"
  dependencies:
    buffer-shims "^1.0.0"
    core-util-is "~1.0.0"
    inherits "~2.0.1"
    isarray "~1.0.0"
    process-nextick-args "~1.0.6"
    string_decoder "~0.10.x"
    util-deprecate "~1.0.1"

send@0.14.2:
  version "0.14.2"
  resolved "https://registry.yarnpkg.com/send/-/send-0.14.2.tgz#39b0438b3f510be5dc6f667a11f71689368cdeef"
  dependencies:
    debug "~2.2.0"
    depd "~1.1.0"
    destroy "~1.0.4"
    encodeurl "~1.0.1"
    escape-html "~1.0.3"
    etag "~1.7.0"
    fresh "0.3.0"
    http-errors "~1.5.1"
    mime "1.3.4"
    ms "0.7.2"
    on-finished "~2.3.0"
    range-parser "~1.2.0"
    statuses "~1.3.1"

serve-static@~1.11.2:
  version "1.11.2"
  resolved "https://registry.yarnpkg.com/serve-static/-/serve-static-1.11.2.tgz#2cf9889bd4435a320cc36895c9aa57bd662e6ac7"
  dependencies:
    encodeurl "~1.0.1"
    escape-html "~1.0.3"
    parseurl "~1.3.1"
    send "0.14.2"

setprototypeof@1.0.2:
  version "1.0.2"
  resolved "https://registry.yarnpkg.com/setprototypeof/-/setprototypeof-1.0.2.tgz#81a552141ec104b88e89ce383103ad5c66564d08"

source-map@^0.1.34:
  version "0.1.43"
  resolved "https://registry.yarnpkg.com/source-map/-/source-map-0.1.43.tgz#c24bc146ca517c1471f5dacbe2571b2b7f9e3346"
  dependencies:
    amdefine ">=0.0.4"

source-map@^0.5.0:
  version "0.5.6"
  resolved "https://registry.yarnpkg.com/source-map/-/source-map-0.5.6.tgz#75ce38f52bf0733c5a7f0c118d81334a2bb5f412"

source-map@~0.2.0:
  version "0.2.0"
  resolved "https://registry.yarnpkg.com/source-map/-/source-map-0.2.0.tgz#dab73fbcfc2ba819b4de03bd6f6eaa48164b3f9d"
  dependencies:
    amdefine ">=0.0.4"

"statuses@>= 1.3.1 < 2", statuses@~1.3.1:
  version "1.3.1"
  resolved "https://registry.yarnpkg.com/statuses/-/statuses-1.3.1.tgz#faf51b9eb74aaef3b3acf4ad5f61abf24cb7b93e"

string_decoder@~0.10.x:
  version "0.10.31"
  resolved "https://registry.yarnpkg.com/string_decoder/-/string_decoder-0.10.31.tgz#62e203bc41766c6c28c9fc84301dab1c5310fa94"

stringifier@^1.3.0:
  version "1.3.0"
  resolved "https://registry.yarnpkg.com/stringifier/-/stringifier-1.3.0.tgz#def18342f6933db0f2dbfc9aa02175b448c17959"
  dependencies:
    core-js "^2.0.0"
    traverse "^0.6.6"
    type-name "^2.0.1"

superagent@^3.0.0:
  version "3.4.3"
  resolved "https://registry.yarnpkg.com/superagent/-/superagent-3.4.3.tgz#556648e95636f49173708b7002faaf3088bcea7f"
  dependencies:
    component-emitter "^1.2.0"
    cookiejar "^2.0.6"
    debug "^2.2.0"
    extend "^3.0.0"
    form-data "^2.1.1"
    formidable "^1.1.1"
    methods "^1.1.1"
    mime "^1.3.4"
    qs "^6.1.0"
    readable-stream "^2.0.5"

supertest@^3.0.0:
  version "3.0.0"
  resolved "https://registry.yarnpkg.com/supertest/-/supertest-3.0.0.tgz#8d4bb68fd1830ee07033b1c5a5a9a4021c965296"
  dependencies:
    methods "~1.1.2"
    superagent "^3.0.0"

supports-color@3.1.2:
  version "3.1.2"
  resolved "https://registry.yarnpkg.com/supports-color/-/supports-color-3.1.2.tgz#72a262894d9d408b956ca05ff37b2ed8a6e2a2d5"
  dependencies:
    has-flag "^1.0.0"

traverse@^0.6.6:
  version "0.6.6"
  resolved "https://registry.yarnpkg.com/traverse/-/traverse-0.6.6.tgz#cbdf560fd7b9af632502fed40f918c157ea97137"

type-check@~0.3.2:
  version "0.3.2"
  resolved "https://registry.yarnpkg.com/type-check/-/type-check-0.3.2.tgz#5884cab512cf1d355e3fb784f30804b2b520db72"
  dependencies:
    prelude-ls "~1.1.2"

type-is@~1.6.14:
  version "1.6.14"
  resolved "https://registry.yarnpkg.com/type-is/-/type-is-1.6.14.tgz#e219639c17ded1ca0789092dd54a03826b817cb2"
  dependencies:
    media-typer "0.3.0"
    mime-types "~2.1.13"

type-name@^2.0.0, type-name@^2.0.1:
  version "2.0.2"
  resolved "https://registry.yarnpkg.com/type-name/-/type-name-2.0.2.tgz#efe7d4123d8ac52afff7f40c7e4dec5266008fb4"

typescript-simple@^7.0.0:
  version "7.0.2"
  resolved "https://registry.yarnpkg.com/typescript-simple/-/typescript-simple-7.0.2.tgz#286ea7614385f2744624a40e83bcb67c6debf425"
  dependencies:
    typescript "^2.1.4"

typescript@^2.1.4, typescript@^2.1.6:
  version "2.2.0"
  resolved "https://registry.yarnpkg.com/typescript/-/typescript-2.2.0.tgz#626f2fc70087d2480f21ebb12c1888288c8614e3"

universal-deep-strict-equal@^1.2.1:
  version "1.2.2"
  resolved "https://registry.yarnpkg.com/universal-deep-strict-equal/-/universal-deep-strict-equal-1.2.2.tgz#0da4ac2f73cff7924c81fa4de018ca562ca2b0a7"
  dependencies:
    array-filter "^1.0.0"
    indexof "0.0.1"
    object-keys "^1.0.0"

unpipe@1.0.0, unpipe@~1.0.0:
  version "1.0.0"
  resolved "https://registry.yarnpkg.com/unpipe/-/unpipe-1.0.0.tgz#b2bf4ee8514aae6165b4817829d21b2ef49904ec"

uri-templates@^0.2.0:
  version "0.2.0"
  resolved "https://registry.yarnpkg.com/uri-templates/-/uri-templates-0.2.0.tgz#2b5784511cc909868731e9233c268097d10b499f"

util-deprecate@~1.0.1:
  version "1.0.2"
  resolved "https://registry.yarnpkg.com/util-deprecate/-/util-deprecate-1.0.2.tgz#450d4dc9fa70de732762fbd2d4a28981419a0ccf"

utils-merge@1.0.0:
  version "1.0.0"
  resolved "https://registry.yarnpkg.com/utils-merge/-/utils-merge-1.0.0.tgz#0294fb922bb9375153541c4f7096231f287c8af8"

vary@~1.1.0:
  version "1.1.0"
  resolved "https://registry.yarnpkg.com/vary/-/vary-1.1.0.tgz#e1e5affbbd16ae768dd2674394b9ad3022653140"

watch@^1.0.1:
  version "1.0.1"
  resolved "https://registry.yarnpkg.com/watch/-/watch-1.0.1.tgz#37b7fc4b7bccafa9f6398dca56a2a45455db4aa2"
  dependencies:
    exec-sh "^0.2.0"
    minimist "^1.2.0"

wordwrap@~1.0.0:
  version "1.0.0"
  resolved "https://registry.yarnpkg.com/wordwrap/-/wordwrap-1.0.0.tgz#27584810891456a4171c8d0226441ade90cbcaeb"

wrappy@1:
  version "1.0.2"
  resolved "https://registry.yarnpkg.com/wrappy/-/wrappy-1.0.2.tgz#b5243d8f3ec1aa35f1364605bc0d1036e30ab69f"

xtend@^4.0.0:
  version "4.0.1"
  resolved "https://registry.yarnpkg.com/xtend/-/xtend-4.0.1.tgz#a5c6d532be656e23db820efb943a1f04998d63af"
